
Microsoft Visual Studio Solution File, Format Version 12.00
# Visual Studio Version 17
VisualStudioVersion = 17.7.34009.444
MinimumVisualStudioVersion = 10.0.40219.1
Project("{FAE04EC0-301F-11D3-BF4B-00C04F79EFBC}") = "DepartmentChecker", "DepartmentChecker\DepartmentChecker.csproj", "{1F0F57C4-2CAD-40DF-B294-2AF2FABFACC7}"
EndProject
Global
	GlobalSection(SolutionConfigurationPlatforms) = preSolution
		Debug|Any CPU = Debug|Any CPU
		Release|Any CPU = Release|Any CPU
	EndGlobalSection
	GlobalSection(ProjectConfigurationPlatforms) = postSolution
		{1F0F57C4-2CAD-40DF-B294-2AF2FABFACC7}.Debug|Any CPU.ActiveCfg = Debug|Any CPU
		{1F0F57C4-2CAD-40DF-B294-2AF2FABFACC7}.Debug|Any CPU.Build.0 = Debug|Any CPU
		{1F0F57C4-2CAD-40DF-B294-2AF2FABFACC7}.Release|Any CPU.ActiveCfg = Release|Any CPU
		{1F0F57C4-2CAD-40DF-B294-2AF2FABFACC7}.Release|Any CPU.Build.0 = Release|Any CPU
	EndGlobalSection
	GlobalSection(SolutionProperties) = preSolution
		HideSolutionNode = FALSE
	EndGlobalSection
	GlobalSection(ExtensibilityGlobals) = postSolution
		SolutionGuid = {7A9DC03E-6BCD-4727-96BB-CCC262BDCF4E}
	EndGlobalSection
EndGlobal
